<?xml version="1.0" encoding="utf-8"?>
<Project ToolsVersion="4.0" xmlns="http://schemas.microsoft.com/developer/msbuild/2003">
  <ItemGroup>
    <Filter Include="源文件">
      <UniqueIdentifier>{4FC737F1-C7A5-4376-A066-2A32D752A2FF}</UniqueIdentifier>
      <Extensions>cpp;c;cc;cxx;def;odl;idl;hpj;bat;asm;asmx</Extensions>
    </Filter>
    <Filter Include="头文件">
      <UniqueIdentifier>{93995380-89BD-4b04-88EB-625FBE52EBFB}</UniqueIdentifier>
      <Extensions>h;hh;hpp;hxx;hm;inl;inc;xsd</Extensions>
    </Filter>
    <Filter Include="资源文件">
      <UniqueIdentifier>{67DA6AB6-F800-4c08-8B7A-83BB121AAD01}</UniqueIdentifier>
      <Extensions>rc;ico;cur;bmp;dlg;rc2;rct;bin;rgs;gif;jpg;jpeg;jpe;resx;tiff;tif;png;wav;mfcribbon-ms</Extensions>
    </Filter>
    <Filter Include="头文件\Array">
      <UniqueIdentifier>{9909a16f-6449-45d2-82ea-952c1b67694e}</UniqueIdentifier>
    </Filter>
    <Filter Include="源文件\Array">
      <UniqueIdentifier>{d478cdda-8afd-4d49-859f-1b9df816a48f}</UniqueIdentifier>
    </Filter>
    <Filter Include="外部">
      <UniqueIdentifier>{2defed91-13fa-48bb-80be-b4653f6cabbd}</UniqueIdentifier>
    </Filter>
  </ItemGroup>
  <ItemGroup>
    <ClInclude Include="LPHashST.h">
      <Filter>头文件</Filter>
    </ClInclude>
    <ClInclude Include="HashBase.h">
      <Filter>头文件</Filter>
    </ClInclude>
    <ClInclude Include="KeyArray.h">
      <Filter>头文件\Array</Filter>
    </ClInclude>
    <ClInclude Include="ValueArray.h">
      <Filter>头文件\Array</Filter>
    </ClInclude>
    <ClInclude Include="HashST.h">
      <Filter>头文件</Filter>
    </ClInclude>
  </ItemGroup>
  <ItemGroup>
    <ClCompile Include="LPHashST.c">
      <Filter>源文件</Filter>
    </ClCompile>
    <ClCompile Include="KeyArray.c">
      <Filter>源文件\Array</Filter>
    </ClCompile>
    <ClCompile Include="ValueArray.c">
      <Filter>源文件\Array</Filter>
    </ClCompile>
    <ClCompile Include="HashST.c">
      <Filter>源文件</Filter>
    </ClCompile>
    <ClCompile Include="LookUpCSV.c">
      <Filter>源文件</Filter>
    </ClCompile>
    <ClCompile Include="LookUpCSV_V2.c">
      <Filter>源文件</Filter>
    </ClCompile>
    <ClCompile Include="..\Array\CAString.c">
      <Filter>外部</Filter>
    </ClCompile>
    <ClCompile Include="..\Array\CharArray.c">
      <Filter>外部</Filter>
    </ClCompile>
    <ClCompile Include="..\List_ArrayImplement\StringList.c">
      <Filter>外部</Filter>
    </ClCompile>
    <ClCompile Include="..\Array\BoolArray.c">
      <Filter>外部</Filter>
    </ClCompile>
  </ItemGroup>
  <ItemGroup>
    <None Include="ip.csv">
      <Filter>资源文件</Filter>
    </None>
  </ItemGroup>
</Project>